
Microsoft Visual Studio Solution File, Format Version 12.00
# Visual Studio Version 17
VisualStudioVersion = 17.4.33205.214
MinimumVisualStudioVersion = 10.0.40219.1
Project("{FAE04EC0-301F-11D3-BF4B-00C04F79EFBC}") = "AzEncryptDecryptDataConsole", "AzEncryptDecryptDataConsole.csproj", "{E156A877-E037-4565-87EB-A901FA4B60EF}"
EndProject
Global
	GlobalSection(SolutionConfigurationPlatforms) = preSolution
		Debug|Any CPU = Debug|Any CPU
		Release|Any CPU = Release|Any CPU
	EndGlobalSection
	GlobalSection(ProjectConfigurationPlatforms) = postSolution
		{E156A877-E037-4565-87EB-A901FA4B60EF}.Debug|Any CPU.ActiveCfg = Debug|Any CPU
		{E156A877-E037-4565-87EB-A901FA4B60EF}.Debug|Any CPU.Build.0 = Debug|Any CPU
		{E156A877-E037-4565-87EB-A901FA4B60EF}.Release|Any CPU.ActiveCfg = Release|Any CPU
		{E156A877-E037-4565-87EB-A901FA4B60EF}.Release|Any CPU.Build.0 = Release|Any CPU
	EndGlobalSection
	GlobalSection(SolutionProperties) = preSolution
		HideSolutionNode = FALSE
	EndGlobalSection
	GlobalSection(ExtensibilityGlobals) = postSolution
		SolutionGuid = {55EE2692-6696-44B9-B033-BE7B87E9F772}
	EndGlobalSection
EndGlobal
